
Microsoft Visual Studio Solution File, Format Version 12.00
# Visual Studio Version 17
VisualStudioVersion = 17.7.34221.43
MinimumVisualStudioVersion = 10.0.40219.1
Project("{FAE04EC0-301F-11D3-BF4B-00C04F79EFBC}") = "BookStock", "BookStock\BookStock.csproj", "{7DA803D0-3FCB-4A70-A9C2-5D116811DD56}"
EndProject
Global
	GlobalSection(SolutionConfigurationPlatforms) = preSolution
		Debug|Any CPU = Debug|Any CPU
		Release|Any CPU = Release|Any CPU
	EndGlobalSection
	GlobalSection(ProjectConfigurationPlatforms) = postSolution
		{7DA803D0-3FCB-4A70-A9C2-5D116811DD56}.Debug|Any CPU.ActiveCfg = Debug|Any CPU
		{7DA803D0-3FCB-4A70-A9C2-5D116811DD56}.Debug|Any CPU.Build.0 = Debug|Any CPU
		{7DA803D0-3FCB-4A70-A9C2-5D116811DD56}.Release|Any CPU.ActiveCfg = Release|Any CPU
		{7DA803D0-3FCB-4A70-A9C2-5D116811DD56}.Release|Any CPU.Build.0 = Release|Any CPU
	EndGlobalSection
	GlobalSection(SolutionProperties) = preSolution
		HideSolutionNode = FALSE
	EndGlobalSection
	GlobalSection(ExtensibilityGlobals) = postSolution
		SolutionGuid = {98291F18-FC37-417C-9A26-EF689E6321C2}
	EndGlobalSection
EndGlobal
